
Microsoft Visual Studio Solution File, Format Version 12.00
# Visual Studio Version 17
VisualStudioVersion = 17.5.33627.172
MinimumVisualStudioVersion = 10.0.40219.1
Project("{9A19103F-16F7-4668-BE54-9A1E7A4F7556}") = "HomeAccounting.BLL", "HomeAccounting.BLL\HomeAccounting.BLL.csproj", "{6AEC88DD-CA2F-47F1-9B7E-49E717D4F524}"
EndProject
Project("{9A19103F-16F7-4668-BE54-9A1E7A4F7556}") = "HomeAccounting.DAL", "HomeAccounting.DAL\HomeAccounting.DAL.csproj", "{3B644890-3722-4F96-963A-EFD145E51763}"
EndProject
Project("{9A19103F-16F7-4668-BE54-9A1E7A4F7556}") = "HomeAccounting.PL", "HomeAccounting.PL\HomeAccounting.PL.csproj", "{4BB79AC9-7DBB-4C76-B61F-3F0A65F2FC48}"
EndProject
Global
	GlobalSection(SolutionConfigurationPlatforms) = preSolution
		Debug|Any CPU = Debug|Any CPU
		Release|Any CPU = Release|Any CPU
	EndGlobalSection
	GlobalSection(ProjectConfigurationPlatforms) = postSolution
		{6AEC88DD-CA2F-47F1-9B7E-49E717D4F524}.Debug|Any CPU.ActiveCfg = Debug|Any CPU
		{6AEC88DD-CA2F-47F1-9B7E-49E717D4F524}.Debug|Any CPU.Build.0 = Debug|Any CPU
		{6AEC88DD-CA2F-47F1-9B7E-49E717D4F524}.Release|Any CPU.ActiveCfg = Release|Any CPU
		{6AEC88DD-CA2F-47F1-9B7E-49E717D4F524}.Release|Any CPU.Build.0 = Release|Any CPU
		{3B644890-3722-4F96-963A-EFD145E51763}.Debug|Any CPU.ActiveCfg = Debug|Any CPU
		{3B644890-3722-4F96-963A-EFD145E51763}.Debug|Any CPU.Build.0 = Debug|Any CPU
		{3B644890-3722-4F96-963A-EFD145E51763}.Release|Any CPU.ActiveCfg = Release|Any CPU
		{3B644890-3722-4F96-963A-EFD145E51763}.Release|Any CPU.Build.0 = Release|Any CPU
		{4BB79AC9-7DBB-4C76-B61F-3F0A65F2FC48}.Debug|Any CPU.ActiveCfg = Debug|Any CPU
		{4BB79AC9-7DBB-4C76-B61F-3F0A65F2FC48}.Debug|Any CPU.Build.0 = Debug|Any CPU
		{4BB79AC9-7DBB-4C76-B61F-3F0A65F2FC48}.Release|Any CPU.ActiveCfg = Release|Any CPU
		{4BB79AC9-7DBB-4C76-B61F-3F0A65F2FC48}.Release|Any CPU.Build.0 = Release|Any CPU
	EndGlobalSection
	GlobalSection(SolutionProperties) = preSolution
		HideSolutionNode = FALSE
	EndGlobalSection
	GlobalSection(ExtensibilityGlobals) = postSolution
		SolutionGuid = {F99966F0-E008-4FF2-A666-B95CF9C93B94}
	EndGlobalSection
EndGlobal
